
Microsoft Visual Studio Solution File, Format Version 12.00
# Visual Studio 15
VisualStudioVersion = 15.0.28307.1022
MinimumVisualStudioVersion = 10.0.40219.1
Project("{FAE04EC0-301F-11D3-BF4B-00C04F79EFBC}") = "WebAPIMVC", "WebAPIMVC\WebAPIMVC.csproj", "{108EC581-17DC-4B62-B56A-953C6D76BCB4}"
EndProject
Global
	GlobalSection(SolutionConfigurationPlatforms) = preSolution
		Debug|Any CPU = Debug|Any CPU
		Release|Any CPU = Release|Any CPU
	EndGlobalSection
	GlobalSection(ProjectConfigurationPlatforms) = postSolution
		{108EC581-17DC-4B62-B56A-953C6D76BCB4}.Debug|Any CPU.ActiveCfg = Debug|Any CPU
		{108EC581-17DC-4B62-B56A-953C6D76BCB4}.Debug|Any CPU.Build.0 = Debug|Any CPU
		{108EC581-17DC-4B62-B56A-953C6D76BCB4}.Release|Any CPU.ActiveCfg = Release|Any CPU
		{108EC581-17DC-4B62-B56A-953C6D76BCB4}.Release|Any CPU.Build.0 = Release|Any CPU
	EndGlobalSection
	GlobalSection(SolutionProperties) = preSolution
		HideSolutionNode = FALSE
	EndGlobalSection
	GlobalSection(ExtensibilityGlobals) = postSolution
		SolutionGuid = {8BB25271-8FA0-424D-9EFE-CFC0B54D0C7B}
	EndGlobalSection
EndGlobal
